// !$*UTF8*$!
{
	archiveVersion = 1;
	classes = {
	};
	objectVersion = 46;
	objects = {

/* Begin PBXBuildFile section */
		35F5167E19529CD900F7929B /* Foundation.framework in Frameworks */ = {isa = PBXBuildFile; fileRef = 35F5167D19529CD900F7929B /* Foundation.framework */; };
		35F5168019529CD900F7929B /* CoreGraphics.framework in Frameworks */ = {isa = PBXBuildFile; fileRef = 35F5167F19529CD900F7929B /* CoreGraphics.framework */; };
		35F5168219529CD900F7929B /* UIKit.framework in Frameworks */ = {isa = PBXBuildFile; fileRef = 35F5168119529CD900F7929B /* UIKit.framework */; };
		35F5168819529CD900F7929B /* InfoPlist.strings in Resources */ = {isa = PBXBuildFile; fileRef = 35F5168619529CD900F7929B /* InfoPlist.strings */; };
		35F5168A19529CD900F7929B /* main.m in Sources */ = {isa = PBXBuildFile; fileRef = 35F5168919529CD900F7929B /* main.m */; };
		35F5168E19529CD900F7929B /* AppDelegate.m in Sources */ = {isa = PBXBuildFile; fileRef = 35F5168D19529CD900F7929B /* AppDelegate.m */; };
		35F5169019529CD900F7929B /* Images.xcassets in Resources */ = {isa = PBXBuildFile; fileRef = 35F5168F19529CD900F7929B /* Images.xcassets */; };
		35F5169719529CD900F7929B /* XCTest.framework in Frameworks */ = {isa = PBXBuildFile; fileRef = 35F5169619529CD900F7929B /* XCTest.framework */; };
		35F5169819529CD900F7929B /* Foundation.framework in Frameworks */ = {isa = PBXBuildFile; fileRef = 35F5167D19529CD900F7929B /* Foundation.framework */; };
		35F5169919529CD900F7929B /* UIKit.framework in Frameworks */ = {isa = PBXBuildFile; fileRef = 35F5168119529CD900F7929B /* UIKit.framework */; };
		35F516A119529CD900F7929B /* InfoPlist.strings in Resources */ = {isa = PBXBuildFile; fileRef = 35F5169F19529CD900F7929B /* InfoPlist.strings */; };
		35F516A319529CD900F7929B /* facebookloginTests.m in Sources */ = {isa = PBXBuildFile; fileRef = 35F516A219529CD900F7929B /* facebookloginTests.m */; };
/* End PBXBuildFile section */

/* Begin PBXContainerItemProxy section */
		35F5169A19529CD900F7929B /* PBXContainerItemProxy */ = {
			isa = PBXContainerItemProxy;
			containerPortal = 35F5167219529CD900F7929B /* Project object */;
			proxyType = 1;
			remoteGlobalIDString = 35F5167919529CD900F7929B;
			remoteInfo = facebooklogin;
		};
/* End PBXContainerItemProxy section */

/* Begin PBXFileReference section */
		35F5167A19529CD900F7929B /* facebooklogin.app */ = {isa = PBXFileReference; explicitFileType = wrapper.application; includeInIndex = 0; path = facebooklogin.app; sourceTree = BUILT_PRODUCTS_DIR; };
		35F5167D19529CD900F7929B /* Foundation.framework */ = {isa = PBXFileReference; lastKnownFileType = wrapper.framework; name = Foundation.framework; path = System/Library/Frameworks/Foundation.framework; sourceTree = SDKROOT; };
		35F5167F19529CD900F7929B /* CoreGraphics.framework */ = {isa = PBXFileReference; lastKnownFileType = wrapper.framework; name = CoreGraphics.framework; path = System/Library/Frameworks/CoreGraphics.framework; sourceTree = SDKROOT; };
		35F5168119529CD900F7929B /* UIKit.framework */ = {isa = PBXFileReference; lastKnownFileType = wrapper.framework; name = UIKit.framework; path = System/Library/Frameworks/UIKit.framework; sourceTree = SDKROOT; };
		35F5168519529CD900F7929B /* facebooklogin-Info.plist */ = {isa = PBXFileReference; lastKnownFileType = text.plist.xml; path = "facebooklogin-Info.plist"; sourceTree = "<group>"; };
		35F5168719529CD900F7929B /* en */ = {isa = PBXFileReference; lastKnownFileType = text.plist.strings; name = en; path = en.lproj/InfoPlist.strings; sourceTree = "<group>"; };
		35F5168919529CD900F7929B /* main.m */ = {isa = PBXFileReference; lastKnownFileType = sourcecode.c.objc; path = main.m; sourceTree = "<group>"; };
		35F5168B19529CD900F7929B /* facebooklogin-Prefix.pch */ = {isa = PBXFileReference; lastKnownFileType = sourcecode.c.h; path = "facebooklogin-Prefix.pch"; sourceTree = "<group>"; };
		35F5168C19529CD900F7929B /* AppDelegate.h */ = {isa = PBXFileReference; lastKnownFileType = sourcecode.c.h; path = AppDelegate.h; sourceTree = "<group>"; };
		35F5168D19529CD900F7929B /* AppDelegate.m */ = {isa = PBXFileReference; lastKnownFileType = sourcecode.c.objc; path = AppDelegate.m; sourceTree = "<group>"; };
		35F5168F19529CD900F7929B /* Images.xcassets */ = {isa = PBXFileReference; lastKnownFileType = folder.assetcatalog; path = Images.xcassets; sourceTree = "<group>"; };
		35F5169519529CD900F7929B /* facebookloginTests.xctest */ = {isa = PBXFileReference; explicitFileType = wrapper.cfbundle; includeInIndex = 0; path = facebookloginTests.xctest; sourceTree = BUILT_PRODUCTS_DIR; };
		35F5169619529CD900F7929B /* XCTest.framework */ = {isa = PBXFileReference; lastKnownFileType = wrapper.framework; name = XCTest.framework; path = Library/Frameworks/XCTest.framework; sourceTree = DEVELOPER_DIR; };
		35F5169E19529CD900F7929B /* facebookloginTests-Info.plist */ = {isa = PBXFileReference; lastKnownFileType = text.plist.xml; path = "facebookloginTests-Info.plist"; sourceTree = "<group>"; };
		35F516A019529CD900F7929B /* en */ = {isa = PBXFileReference; lastKnownFileType = text.plist.strings; name = en; path = en.lproj/InfoPlist.strings; sourceTree = "<group>"; };
		35F516A219529CD900F7929B /* facebookloginTests.m */ = {isa = PBXFileReference; lastKnownFileType = sourcecode.c.objc; path = facebookloginTests.m; sourceTree = "<group>"; };
/* End PBXFileReference section */

/* Begin PBXFrameworksBuildPhase section */
		35F5167719529CD900F7929B /* Frameworks */ = {
			isa = PBXFrameworksBuildPhase;
			buildActionMask = 2147483647;
			files = (
				35F5168019529CD900F7929B /* CoreGraphics.framework in Frameworks */,
				35F5168219529CD900F7929B /* UIKit.framework in Frameworks */,
				35F5167E19529CD900F7929B /* Foundation.framework in Frameworks */,
			);
			runOnlyForDeploymentPostprocessing = 0;
		};
		35F5169219529CD900F7929B /* Frameworks */ = {
			isa = PBXFrameworksBuildPhase;
			buildActionMask = 2147483647;
			files = (
				35F5169719529CD900F7929B /* XCTest.framework in Frameworks */,
				35F5169919529CD900F7929B /* UIKit.framework in Frameworks */,
				35F5169819529CD900F7929B /* Foundation.framework in Frameworks */,
			);
			runOnlyForDeploymentPostprocessing = 0;
		};
/* End PBXFrameworksBuildPhase section */

/* Begin PBXGroup section */
		35F5167119529CD900F7929B = {
			isa = PBXGroup;
			children = (
				35F5168319529CD900F7929B /* facebooklogin */,
				35F5169C19529CD900F7929B /* facebookloginTests */,
				35F5167C19529CD900F7929B /* Frameworks */,
				35F5167B19529CD900F7929B /* Products */,
			);
			sourceTree = "<group>";
		};
		35F5167B19529CD900F7929B /* Products */ = {
			isa = PBXGroup;
			children = (
				35F5167A19529CD900F7929B /* facebooklogin.app */,
				35F5169519529CD900F7929B /* facebookloginTests.xctest */,
			);
			name = Products;
			sourceTree = "<group>";
		};
		35F5167C19529CD900F7929B /* Frameworks */ = {
			isa = PBXGroup;
			children = (
				35F5167D19529CD900F7929B /* Foundation.framework */,
				35F5167F19529CD900F7929B /* CoreGraphics.framework */,
				35F5168119529CD900F7929B /* UIKit.framework */,
				35F5169619529CD900F7929B /* XCTest.framework */,
			);
			name = Frameworks;
			sourceTree = "<group>";
		};
		35F5168319529CD900F7929B /* facebooklogin */ = {
			isa = PBXGroup;
			children = (
				35F5168C19529CD900F7929B /* AppDelegate.h */,
				35F5168D19529CD900F7929B /* AppDelegate.m */,
				35F5168F19529CD900F7929B /* Images.xcassets */,
				35F5168419529CD900F7929B /* Supporting Files */,
			);
			path = facebooklogin;
			sourceTree = "<group>";
		};
		35F5168419529CD900F7929B /* Supporting Files */ = {
			isa = PBXGroup;
			children = (
				35F5168519529CD900F7929B /* facebooklogin-Info.plist */,
				35F5168619529CD900F7929B /* InfoPlist.strings */,
				35F5168919529CD900F7929B /* main.m */,
				35F5168B19529CD900F7929B /* facebooklogin-Prefix.pch */,
			);
			name = "Supporting Files";
			sourceTree = "<group>";
		};
		35F5169C19529CD900F7929B /* facebookloginTests */ = {
			isa = PBXGroup;
			children = (
				35F516A219529CD900F7929B /* facebookloginTests.m */,
				35F5169D19529CD900F7929B /* Supporting Files */,
			);
			path = facebookloginTests;
			sourceTree = "<group>";
		};
		35F5169D19529CD900F7929B /* Supporting Files */ = {
			isa = PBXGroup;
			children = (
				35F5169E19529CD900F7929B /* facebookloginTests-Info.plist */,
				35F5169F19529CD900F7929B /* InfoPlist.strings */,
			);
			name = "Supporting Files";
			sourceTree = "<group>";
		};
/* End PBXGroup section */

/* Begin PBXNativeTarget section */
		35F5167919529CD900F7929B /* facebooklogin */ = {
			isa = PBXNativeTarget;
			buildConfigurationList = 35F516A619529CD900F7929B /* Build configuration list for PBXNativeTarget "facebooklogin" */;
			buildPhases = (
				35F5167619529CD900F7929B /* Sources */,
				35F5167719529CD900F7929B /* Frameworks */,
				35F5167819529CD900F7929B /* Resources */,
			);
			buildRules = (
			);
			dependencies = (
			);
			name = facebooklogin;
			productName = facebooklogin;
			productReference = 35F5167A19529CD900F7929B /* facebooklogin.app */;
			productType = "com.apple.product-type.application";
		};
		35F5169419529CD900F7929B /* facebookloginTests */ = {
			isa = PBXNativeTarget;
			buildConfigurationList = 35F516A919529CD900F7929B /* Build configuration list for PBXNativeTarget "facebookloginTests" */;
			buildPhases = (
				35F5169119529CD900F7929B /* Sources */,
				35F5169219529CD900F7929B /* Frameworks */,
				35F5169319529CD900F7929B /* Resources */,
			);
			buildRules = (
			);
			dependencies = (
				35F5169B19529CD900F7929B /* PBXTargetDependency */,
			);
			name = facebookloginTests;
			productName = facebookloginTests;
			productReference = 35F5169519529CD900F7929B /* facebookloginTests.xctest */;
			productType = "com.apple.product-type.bundle.unit-test";
		};
/* End PBXNativeTarget section */

/* Begin PBXProject section */
		35F5167219529CD900F7929B /* Project object */ = {
			isa = PBXProject;
			attributes = {
				LastUpgradeCheck = 0510;
				ORGANIZATIONNAME = kristinatastic;
				TargetAttributes = {
					35F5169419529CD900F7929B = {
						TestTargetID = 35F5167919529CD900F7929B;
					};
				};
			};
			buildConfigurationList = 35F5167519529CD900F7929B /* Build configuration list for PBXProject "facebooklogin" */;
			compatibilityVersion = "Xcode 3.2";
			developmentRegion = English;
			hasScannedForEncodings = 0;
			knownRegions = (
				en,
			);
			mainGroup = 35F5167119529CD900F7929B;
			productRefGroup = 35F5167B19529CD900F7929B /* Products */;
			projectDirPath = "";
			projectRoot = "";
			targets = (
				35F5167919529CD900F7929B /* facebooklogin */,
				35F5169419529CD900F7929B /* facebookloginTests */,
			);
		};
/* End PBXProject section */

/* Begin PBXResourcesBuildPhase section */
		35F5167819529CD900F7929B /* Resources */ = {
			isa = PBXResourcesBuildPhase;
			buildActionMask = 2147483647;
			files = (
				35F5168819529CD900F7929B /* InfoPlist.strings in Resources */,
				35F5169019529CD900F7929B /* Images.xcassets in Resources */,
			);
			runOnlyForDeploymentPostprocessing = 0;
		};
		35F5169319529CD900F7929B /* Resources */ = {
			isa = PBXResourcesBuildPhase;
			buildActionMask = 2147483647;
			files = (
				35F516A119529CD900F7929B /* InfoPlist.strings in Resources */,
			);
			runOnlyForDeploymentPostprocessing = 0;
		};
/* End PBXResourcesBuildPhase section */

/* Begin PBXSourcesBuildPhase section */
		35F5167619529CD900F7929B /* Sources */ = {
			isa = PBXSourcesBuildPhase;
			buildActionMask = 2147483647;
			files = (
				35F5168E19529CD900F7929B /* AppDelegate.m in Sources */,
				35F5168A19529CD900F7929B /* main.m in Sources */,
			);
			runOnlyForDeploymentPostprocessing = 0;
		};
		35F5169119529CD900F7929B /* Sources */ = {
			isa = PBXSourcesBuildPhase;
			buildActionMask = 2147483647;
			files = (
				35F516A319529CD900F7929B /* facebookloginTests.m in Sources */,
			);
			runOnlyForDeploymentPostprocessing = 0;
		};
/* End PBXSourcesBuildPhase section */

/* Begin PBXTargetDependency section */
		35F5169B19529CD900F7929B /* PBXTargetDependency */ = {
			isa = PBXTargetDependency;
			target = 35F5167919529CD900F7929B /* facebooklogin */;
			targetProxy = 35F5169A19529CD900F7929B /* PBXContainerItemProxy */;
		};
/* End PBXTargetDependency section */

/* Begin PBXVariantGroup section */
		35F5168619529CD900F7929B /* InfoPlist.strings */ = {
			isa = PBXVariantGroup;
			children = (
				35F5168719529CD900F7929B /* en */,
			);
			name = InfoPlist.strings;
			sourceTree = "<group>";
		};
		35F5169F19529CD900F7929B /* InfoPlist.strings */ = {
			isa = PBXVariantGroup;
			children = (
				35F516A019529CD900F7929B /* en */,
			);
			name = InfoPlist.strings;
			sourceTree = "<group>";
		};
/* End PBXVariantGroup section */

/* Begin XCBuildConfiguration section */
		35F516A419529CD900F7929B /* Debug */ = {
			isa = XCBuildConfiguration;
			buildSettings = {
				ALWAYS_SEARCH_USER_PATHS = NO;
				CLANG_CXX_LANGUAGE_STANDARD = "gnu++0x";
				CLANG_CXX_LIBRARY = "libc++";
				CLANG_ENABLE_MODULES = YES;
				CLANG_ENABLE_OBJC_ARC = YES;
				CLANG_WARN_BOOL_CONVERSION = YES;
				CLANG_WARN_CONSTANT_CONVERSION = YES;
				CLANG_WARN_DIRECT_OBJC_ISA_USAGE = YES_ERROR;
				CLANG_WARN_EMPTY_BODY = YES;
				CLANG_WARN_ENUM_CONVERSION = YES;
				CLANG_WARN_INT_CONVERSION = YES;
				CLANG_WARN_OBJC_ROOT_CLASS = YES_ERROR;
				CLANG_WARN__DUPLICATE_METHOD_MATCH = YES;
				"CODE_SIGN_IDENTITY[sdk=iphoneos*]" = "iPhone Developer";
				COPY_PHASE_STRIP = NO;
				GCC_C_LANGUAGE_STANDARD = gnu99;
				GCC_DYNAMIC_NO_PIC = NO;
				GCC_OPTIMIZATION_LEVEL = 0;
				GCC_PREPROCESSOR_DEFINITIONS = (
					"DEBUG=1",
					"$(inherited)",
				);
				GCC_SYMBOLS_PRIVATE_EXTERN = NO;
				GCC_WARN_64_TO_32_BIT_CONVERSION = YES;
				GCC_WARN_ABOUT_RETURN_TYPE = YES_ERROR;
				GCC_WARN_UNDECLARED_SELECTOR = YES;
				GCC_WARN_UNINITIALIZED_AUTOS = YES_AGGRESSIVE;
				GCC_WARN_UNUSED_FUNCTION = YES;
				GCC_WARN_UNUSED_VARIABLE = YES;
				IPHONEOS_DEPLOYMENT_TARGET = 7.1;
				ONLY_ACTIVE_ARCH = YES;
				SDKROOT = iphoneos;
				TARGETED_DEVICE_FAMILY = "1,2";
			};
			name = Debug;
		};
		35F516A519529CD900F7929B /* Release */ = {
			isa = XCBuildConfiguration;
			buildSettings = {
				ALWAYS_SEARCH_USER_PATHS = NO;
				CLANG_CXX_LANGUAGE_STANDARD = "gnu++0x";
				CLANG_CXX_LIBRARY = "libc++";
				CLANG_ENABLE_MODULES = YES;
				CLANG_ENABLE_OBJC_ARC = YES;
				CLANG_WARN_BOOL_CONVERSION = YES;
				CLANG_WARN_CONSTANT_CONVERSION = YES;
				CLANG_WARN_DIRECT_OBJC_ISA_USAGE = YES_ERROR;
				CLANG_WARN_EMPTY_BODY = YES;
				CLANG_WARN_ENUM_CONVERSION = YES;
				CLANG_WARN_INT_CONVERSION = YES;
				CLANG_WARN_OBJC_ROOT_CLASS = YES_ERROR;
				CLANG_WARN__DUPLICATE_METHOD_MATCH = YES;
				"CODE_SIGN_IDENTITY[sdk=iphoneos*]" = "iPhone Developer";
				COPY_PHASE_STRIP = YES;
				ENABLE_NS_ASSERTIONS = NO;
				GCC_C_LANGUAGE_STANDARD = gnu99;
				GCC_WARN_64_TO_32_BIT_CONVERSION = YES;
				GCC_WARN_ABOUT_RETURN_TYPE = YES_ERROR;
				GCC_WARN_UNDECLARED_SELECTOR = YES;
				GCC_WARN_UNINITIALIZED_AUTOS = YES_AGGRESSIVE;
				GCC_WARN_UNUSED_FUNCTION = YES;
				GCC_WARN_UNUSED_VARIABLE = YES;
				IPHONEOS_DEPLOYMENT_TARGET = 7.1;
				SDKROOT = iphoneos;
				TARGETED_DEVICE_FAMILY = "1,2";
				VALIDATE_PRODUCT = YES;
			};
			name = Release;
		};
		35F516A719529CD900F7929B /* Debug */ = {
			isa = XCBuildConfiguration;
			buildSettings = {
				ASSETCATALOG_COMPILER_APPICON_NAME = AppIcon;
				ASSETCATALOG_COMPILER_LAUNCHIMAGE_NAME = LaunchImage;
				GCC_PRECOMPILE_PREFIX_HEADER = YES;
				GCC_PREFIX_HEADER = "facebooklogin/facebooklogin-Prefix.pch";
				INFOPLIST_FILE = "facebooklogin/facebooklogin-Info.plist";
				PRODUCT_NAME = "$(TARGET_NAME)";
				WRAPPER_EXTENSION = app;
			};
			name = Debug;
		};
		35F516A819529CD900F7929B /* Release */ = {
			isa = XCBuildConfiguration;
			buildSettings = {
				ASSETCATALOG_COMPILER_APPICON_NAME = AppIcon;
				ASSETCATALOG_COMPILER_LAUNCHIMAGE_NAME = LaunchImage;
				GCC_PRECOMPILE_PREFIX_HEADER = YES;
				GCC_PREFIX_HEADER = "facebooklogin/facebooklogin-Prefix.pch";
				INFOPLIST_FILE = "facebooklogin/facebooklogin-Info.plist";
				PRODUCT_NAME = "$(TARGET_NAME)";
				WRAPPER_EXTENSION = app;
			};
			name = Release;
		};
		35F516AA19529CD900F7929B /* Debug */ = {
			isa = XCBuildConfiguration;
			buildSettings = {
				BUNDLE_LOADER = "$(BUILT_PRODUCTS_DIR)/facebooklogin.app/facebooklogin";
				FRAMEWORK_SEARCH_PATHS = (
					"$(SDKROOT)/Developer/Library/Frameworks",
					"$(inherited)",
					"$(DEVELOPER_FRAMEWORKS_DIR)",
				);
				GCC_PRECOMPILE_PREFIX_HEADER = YES;
				GCC_PREFIX_HEADER = "facebooklogin/facebooklogin-Prefix.pch";
				GCC_PREPROCESSOR_DEFINITIONS = (
					"DEBUG=1",
					"$(inherited)",
				);
				INFOPLIST_FILE = "facebookloginTests/facebookloginTests-Info.plist";
				PRODUCT_NAME = "$(TARGET_NAME)";
				TEST_HOST = "$(BUNDLE_LOADER)";
				WRAPPER_EXTENSION = xctest;
			};
			name = Debug;
		};
		35F516AB19529CD900F7929B /* Release */ = {
			isa = XCBuildConfiguration;
			buildSettings = {
				BUNDLE_LOADER = "$(BUILT_PRODUCTS_DIR)/facebooklogin.app/facebooklogin";
				FRAMEWORK_SEARCH_PATHS = (
					"$(SDKROOT)/Developer/Library/Frameworks",
					"$(inherited)",
					"$(DEVELOPER_FRAMEWORKS_DIR)",
				);
				GCC_PRECOMPILE_PREFIX_HEADER = YES;
				GCC_PREFIX_HEADER = "facebooklogin/facebooklogin-Prefix.pch";
				INFOPLIST_FILE = "facebookloginTests/facebookloginTests-Info.plist";
				PRODUCT_NAME = "$(TARGET_NAME)";
				TEST_HOST = "$(BUNDLE_LOADER)";
				WRAPPER_EXTENSION = xctest;
			};
			name = Release;
		};
/* End XCBuildConfiguration section */

/* Begin XCConfigurationList section */
		35F5167519529CD900F7929B /* Build configuration list for PBXProject "facebooklogin" */ = {
			isa = XCConfigurationList;
			buildConfigurations = (
				35F516A419529CD900F7929B /* Debug */,
				35F516A519529CD900F7929B /* Release */,
			);
			defaultConfigurationIsVisible = 0;
			defaultConfigurationName = Release;
		};
		35F516A619529CD900F7929B /* Build configuration list for PBXNativeTarget "facebooklogin" */ = {
			isa = XCConfigurationList;
			buildConfigurations = (
				35F516A719529CD900F7929B /* Debug */,
				35F516A819529CD900F7929B /* Release */,
			);
			defaultConfigurationIsVisible = 0;
		};
		35F516A919529CD900F7929B /* Build configuration list for PBXNativeTarget "facebookloginTests" */ = {
			isa = XCConfigurationList;
			buildConfigurations = (
				35F516AA19529CD900F7929B /* Debug */,
				35F516AB19529CD900F7929B /* Release */,
			);
			defaultConfigurationIsVisible = 0;
		};
/* End XCConfigurationList section */
	};
	rootObject = 35F5167219529CD900F7929B /* Project object */;
}
